
Microsoft Visual Studio Solution File, Format Version 12.00
# Visual Studio Version 17
VisualStudioVersion = 17.10.35027.167
MinimumVisualStudioVersion = 10.0.40219.1
Project("{9A19103F-16F7-4668-BE54-9A1E7A4F7556}") = "FYP.Web", "FYP.Web\FYP.Web.csproj", "{452F1C13-83EA-43DA-9A6B-A3682DF6F8D0}"
EndProject
Project("{FAE04EC0-301F-11D3-BF4B-00C04F79EFBC}") = "FYP.Databases", "FYP.Databases\FYP.Databases.csproj", "{F46CC5CF-AD85-49B3-B1E7-41D3571D44B0}"
EndProject
Project("{FAE04EC0-301F-11D3-BF4B-00C04F79EFBC}") = "FYP.Models", "FYP.Models\FYP.Models.csproj", "{8EB13925-F815-401B-9807-D3D0DAE77899}"
EndProject
Project("{FAE04EC0-301F-11D3-BF4B-00C04F79EFBC}") = "FYP.Services", "FYP.Services\FYP.Services.csproj", "{16CF31EE-623A-46A6-9C9D-20CEC1FA47D6}"
EndProject
Project("{FAE04EC0-301F-11D3-BF4B-00C04F79EFBC}") = "FYP.Repositories", "FYP.Repositories\FYP.Repositories.csproj", "{0618F490-2E83-4A0A-A1A9-33D72B4B89B5}"
EndProject
Global
	GlobalSection(SolutionConfigurationPlatforms) = preSolution
		Debug|Any CPU = Debug|Any CPU
		Release|Any CPU = Release|Any CPU
	EndGlobalSection
	GlobalSection(ProjectConfigurationPlatforms) = postSolution
		{452F1C13-83EA-43DA-9A6B-A3682DF6F8D0}.Debug|Any CPU.ActiveCfg = Debug|Any CPU
		{452F1C13-83EA-43DA-9A6B-A3682DF6F8D0}.Debug|Any CPU.Build.0 = Debug|Any CPU
		{452F1C13-83EA-43DA-9A6B-A3682DF6F8D0}.Release|Any CPU.ActiveCfg = Release|Any CPU
		{452F1C13-83EA-43DA-9A6B-A3682DF6F8D0}.Release|Any CPU.Build.0 = Release|Any CPU
		{F46CC5CF-AD85-49B3-B1E7-41D3571D44B0}.Debug|Any CPU.ActiveCfg = Debug|Any CPU
		{F46CC5CF-AD85-49B3-B1E7-41D3571D44B0}.Debug|Any CPU.Build.0 = Debug|Any CPU
		{F46CC5CF-AD85-49B3-B1E7-41D3571D44B0}.Release|Any CPU.ActiveCfg = Release|Any CPU
		{F46CC5CF-AD85-49B3-B1E7-41D3571D44B0}.Release|Any CPU.Build.0 = Release|Any CPU
		{8EB13925-F815-401B-9807-D3D0DAE77899}.Debug|Any CPU.ActiveCfg = Debug|Any CPU
		{8EB13925-F815-401B-9807-D3D0DAE77899}.Debug|Any CPU.Build.0 = Debug|Any CPU
		{8EB13925-F815-401B-9807-D3D0DAE77899}.Release|Any CPU.ActiveCfg = Release|Any CPU
		{8EB13925-F815-401B-9807-D3D0DAE77899}.Release|Any CPU.Build.0 = Release|Any CPU
		{16CF31EE-623A-46A6-9C9D-20CEC1FA47D6}.Debug|Any CPU.ActiveCfg = Debug|Any CPU
		{16CF31EE-623A-46A6-9C9D-20CEC1FA47D6}.Debug|Any CPU.Build.0 = Debug|Any CPU
		{16CF31EE-623A-46A6-9C9D-20CEC1FA47D6}.Release|Any CPU.ActiveCfg = Release|Any CPU
		{16CF31EE-623A-46A6-9C9D-20CEC1FA47D6}.Release|Any CPU.Build.0 = Release|Any CPU
		{0618F490-2E83-4A0A-A1A9-33D72B4B89B5}.Debug|Any CPU.ActiveCfg = Debug|Any CPU
		{0618F490-2E83-4A0A-A1A9-33D72B4B89B5}.Debug|Any CPU.Build.0 = Debug|Any CPU
		{0618F490-2E83-4A0A-A1A9-33D72B4B89B5}.Release|Any CPU.ActiveCfg = Release|Any CPU
		{0618F490-2E83-4A0A-A1A9-33D72B4B89B5}.Release|Any CPU.Build.0 = Release|Any CPU
	EndGlobalSection
	GlobalSection(SolutionProperties) = preSolution
		HideSolutionNode = FALSE
	EndGlobalSection
	GlobalSection(ExtensibilityGlobals) = postSolution
		SolutionGuid = {8D190C95-FF6D-4A59-A8B4-CAB8FC8927A3}
	EndGlobalSection
EndGlobal
